
Microsoft Visual Studio Solution File, Format Version 12.00
# Visual Studio 15
VisualStudioVersion = 15.0.27428.2002
MinimumVisualStudioVersion = 10.0.40219.1
Project("{FAE04EC0-301F-11D3-BF4B-00C04F79EFBC}") = "SMCL_MIS", "SMCL_MIS\SMCL_MIS.csproj", "{F3777EA0-A22C-42BB-A94F-D082225701CD}"
EndProject
Global
	GlobalSection(SolutionConfigurationPlatforms) = preSolution
		Debug|Any CPU = Debug|Any CPU
		Release|Any CPU = Release|Any CPU
	EndGlobalSection
	GlobalSection(ProjectConfigurationPlatforms) = postSolution
		{F3777EA0-A22C-42BB-A94F-D082225701CD}.Debug|Any CPU.ActiveCfg = Debug|Any CPU
		{F3777EA0-A22C-42BB-A94F-D082225701CD}.Debug|Any CPU.Build.0 = Debug|Any CPU
		{F3777EA0-A22C-42BB-A94F-D082225701CD}.Release|Any CPU.ActiveCfg = Release|Any CPU
		{F3777EA0-A22C-42BB-A94F-D082225701CD}.Release|Any CPU.Build.0 = Release|Any CPU
	EndGlobalSection
	GlobalSection(SolutionProperties) = preSolution
		HideSolutionNode = FALSE
	EndGlobalSection
	GlobalSection(ExtensibilityGlobals) = postSolution
		SolutionGuid = {82C4B5E9-1F66-4D83-8AF6-CD06830086DE}
	EndGlobalSection
EndGlobal
